
Microsoft Visual Studio Solution File, Format Version 12.00
# Visual Studio Version 16
VisualStudioVersion = 16.0.31729.503
MinimumVisualStudioVersion = 10.0.40219.1
Project("{FAE04EC0-301F-11D3-BF4B-00C04F79EFBC}") = "DataStuctureWeekTwo", "DataStuctureWeekTwo.csproj", "{EA406322-2240-4FD2-B4F3-B78FB6276113}"
EndProject
Global
	GlobalSection(SolutionConfigurationPlatforms) = preSolution
		Debug|Any CPU = Debug|Any CPU
		Release|Any CPU = Release|Any CPU
	EndGlobalSection
	GlobalSection(ProjectConfigurationPlatforms) = postSolution
		{EA406322-2240-4FD2-B4F3-B78FB6276113}.Debug|Any CPU.ActiveCfg = Debug|Any CPU
		{EA406322-2240-4FD2-B4F3-B78FB6276113}.Debug|Any CPU.Build.0 = Debug|Any CPU
		{EA406322-2240-4FD2-B4F3-B78FB6276113}.Release|Any CPU.ActiveCfg = Release|Any CPU
		{EA406322-2240-4FD2-B4F3-B78FB6276113}.Release|Any CPU.Build.0 = Release|Any CPU
	EndGlobalSection
	GlobalSection(SolutionProperties) = preSolution
		HideSolutionNode = FALSE
	EndGlobalSection
	GlobalSection(ExtensibilityGlobals) = postSolution
		SolutionGuid = {5681E743-171F-4858-9A41-B97B113B44E8}
	EndGlobalSection
EndGlobal
